
Microsoft Visual Studio Solution File, Format Version 12.00
# Visual Studio Version 16
VisualStudioVersion = 16.0.31005.135
MinimumVisualStudioVersion = 10.0.40219.1
Project("{FAE04EC0-301F-11D3-BF4B-00C04F79EFBC}") = "C-sharpPlayground", "C-sharpPlayground\C-sharpPlayground.csproj", "{98D3AAB8-CB81-49AD-8A74-E471A9D08493}"
EndProject
Global
	GlobalSection(SolutionConfigurationPlatforms) = preSolution
		Debug|Any CPU = Debug|Any CPU
		Release|Any CPU = Release|Any CPU
	EndGlobalSection
	GlobalSection(ProjectConfigurationPlatforms) = postSolution
		{98D3AAB8-CB81-49AD-8A74-E471A9D08493}.Debug|Any CPU.ActiveCfg = Debug|Any CPU
		{98D3AAB8-CB81-49AD-8A74-E471A9D08493}.Debug|Any CPU.Build.0 = Debug|Any CPU
		{98D3AAB8-CB81-49AD-8A74-E471A9D08493}.Release|Any CPU.ActiveCfg = Release|Any CPU
		{98D3AAB8-CB81-49AD-8A74-E471A9D08493}.Release|Any CPU.Build.0 = Release|Any CPU
	EndGlobalSection
	GlobalSection(SolutionProperties) = preSolution
		HideSolutionNode = FALSE
	EndGlobalSection
	GlobalSection(ExtensibilityGlobals) = postSolution
		SolutionGuid = {39657324-64FA-4023-93C6-C3BF74DB3AD5}
	EndGlobalSection
EndGlobal
